github.com/yuin/goldmark v1.6.0 h1:boZcn2GTjpsynOsC0iJHnBWa4Bi0qzfJjthwauItG68=
github.com/yuin/goldmark v1.6.0/go.mod h1:6yULJ656Px+3vBD8DxQVa3kxgyrAnzto9xy5taEt/CY=
golang.org/x/text v0.3.7 h1:olpwvP2KacW1ZWvsR7uQhoyTYvKAupfQrRGBFM352Gk=
golang.org/x/text v0.3.7/go.mod h1:u+2+/6zg+i71rQMx5EYifcz6MCKuco9NR6JIITiCfzQ=
golang.org/x/tools v0.1.5 h1:ouewzE6p+/VEB31YYnTbEJdi8pFqKp4P4n85vwo3DHA=
golang.org/x/tools v0.1.5/go.mod h1:o0xws9oXOQQZyjljx8fwUC0k7L1pTE6eaCbjGeHmOkk=
robpike.io/ivy v0.3.11 h1:JZyCY2oSfVOpoqwRvZSp4eAY5y8NvJQJ5fz2vpflI8s=
robpike.io/ivy v0.3.11/go.mod h1:BKiAP+dK9csCA+6KMuBqAmUp2LBvGm5T85Y3zRgb+dA=
rsc.io/markdown v0.0.0-20240717201619-868a055c40ae h1:HcQakZADzQk1CHAKfBN7dNxRr/41J+CEEyUyFzbUa88=
rsc.io/markdown v0.0.0-20240717201619-868a055c40ae/go.mod h1:dTYI7HoCsVAs6SKPMgkC2TV2xRFJB9WqcVydnnZby2Y=
