filippo.io/mldsa v0.0.0-20260711112038-ff3f469cee29 h1:11cJmDX5FvZu/znhVjfwxs9jZcos6d8O6Bc9Fpdv87Y=
filippo.io/mldsa v0.0.0-20260711112038-ff3f469cee29/go.mod h1:32qQ5yj3R24Eu03iWFWchdC3OB653wPvoepWejkefbY=
filippo.io/passkey v0.0.0-20260823133140-f9183523f3d8 h1:kqK0AUgs4tCcvJ7d3IA77jXA+9c7tVQ2SUS2PKWzwIw=
filippo.io/passkey v0.0.0-20260823133140-f9183523f3d8/go.mod h1:kjUQv2fHA5GSIpIvwP2V4Ndnsj4fS1zmmBJi4DLpz8k=
